
Microsoft Visual Studio Solution File, Format Version 12.00
# Visual Studio Version 16
VisualStudioVersion = 16.0.30523.141
MinimumVisualStudioVersion = 10.0.40219.1
Project("{9A19103F-16F7-4668-BE54-9A1E7A4F7556}") = "Strawman", "Strawman\Strawman.csproj", "{6F3AA6C8-88E2-49D7-B638-DC96C4C90697}"
EndProject
Global
	GlobalSection(SolutionConfigurationPlatforms) = preSolution
		Debug|Any CPU = Debug|Any CPU
		Release|Any CPU = Release|Any CPU
	EndGlobalSection
	GlobalSection(ProjectConfigurationPlatforms) = postSolution
		{6F3AA6C8-88E2-49D7-B638-DC96C4C90697}.Debug|Any CPU.ActiveCfg = Debug|Any CPU
		{6F3AA6C8-88E2-49D7-B638-DC96C4C90697}.Debug|Any CPU.Build.0 = Debug|Any CPU
		{6F3AA6C8-88E2-49D7-B638-DC96C4C90697}.Release|Any CPU.ActiveCfg = Release|Any CPU
		{6F3AA6C8-88E2-49D7-B638-DC96C4C90697}.Release|Any CPU.Build.0 = Release|Any CPU
	EndGlobalSection
	GlobalSection(SolutionProperties) = preSolution
		HideSolutionNode = FALSE
	EndGlobalSection
	GlobalSection(ExtensibilityGlobals) = postSolution
		SolutionGuid = {2DA14785-5310-40A8-BA86-A1831DB48085}
	EndGlobalSection
EndGlobal
