
Microsoft Visual Studio Solution File, Format Version 12.00
# Visual Studio Version 16
VisualStudioVersion = 16.0.30523.141
MinimumVisualStudioVersion = 10.0.40219.1
Project("{FAE04EC0-301F-11D3-BF4B-00C04F79EFBC}") = "ConnectToDB", "ConnewctToDB\ConnectToDB.csproj", "{9353EC53-CC82-4706-B01F-00718DFB7032}"
EndProject
Global
	GlobalSection(SolutionConfigurationPlatforms) = preSolution
		Debug|Any CPU = Debug|Any CPU
		Release|Any CPU = Release|Any CPU
	EndGlobalSection
	GlobalSection(ProjectConfigurationPlatforms) = postSolution
		{9353EC53-CC82-4706-B01F-00718DFB7032}.Debug|Any CPU.ActiveCfg = Debug|Any CPU
		{9353EC53-CC82-4706-B01F-00718DFB7032}.Debug|Any CPU.Build.0 = Debug|Any CPU
		{9353EC53-CC82-4706-B01F-00718DFB7032}.Release|Any CPU.ActiveCfg = Release|Any CPU
		{9353EC53-CC82-4706-B01F-00718DFB7032}.Release|Any CPU.Build.0 = Release|Any CPU
	EndGlobalSection
	GlobalSection(SolutionProperties) = preSolution
		HideSolutionNode = FALSE
	EndGlobalSection
	GlobalSection(ExtensibilityGlobals) = postSolution
		SolutionGuid = {57185B58-A0B2-46C8-8771-8B4E24F9BEED}
	EndGlobalSection
EndGlobal
